
Microsoft Visual Studio Solution File, Format Version 12.00
# Visual Studio Version 17
VisualStudioVersion = 17.10.35122.118
MinimumVisualStudioVersion = 10.0.40219.1
Project("{FAE04EC0-301F-11D3-BF4B-00C04F79EFBC}") = "API_HRE", "API_HRE\API_HRE.csproj", "{1E54E420-6ACB-4362-B02A-94407649253B}"
EndProject
Global
	GlobalSection(SolutionConfigurationPlatforms) = preSolution
		Debug|Any CPU = Debug|Any CPU
		Release|Any CPU = Release|Any CPU
	EndGlobalSection
	GlobalSection(ProjectConfigurationPlatforms) = postSolution
		{1E54E420-6ACB-4362-B02A-94407649253B}.Debug|Any CPU.ActiveCfg = Debug|Any CPU
		{1E54E420-6ACB-4362-B02A-94407649253B}.Debug|Any CPU.Build.0 = Debug|Any CPU
		{1E54E420-6ACB-4362-B02A-94407649253B}.Release|Any CPU.ActiveCfg = Release|Any CPU
		{1E54E420-6ACB-4362-B02A-94407649253B}.Release|Any CPU.Build.0 = Release|Any CPU
	EndGlobalSection
	GlobalSection(SolutionProperties) = preSolution
		HideSolutionNode = FALSE
	EndGlobalSection
	GlobalSection(ExtensibilityGlobals) = postSolution
		SolutionGuid = {7CAEE344-8CE0-4D0D-8A0D-AA6373DB97CF}
	EndGlobalSection
EndGlobal
